
[root]
chplVersion = "1.28.0..1.28.0"
license = "None"
name = "apples"
version = "0.1.0"

[DummyRepo]
branch = "master"
chplVersion = "1.28.0..1.28.0"
name = "DummyRepo"
url = "https://dummyurl.com"
version = "0"

[SecondRepo]
branch = "test-branch"
chplVersion = "1.28.0..1.28.0"
name = "SecondRepo"
url = "https://secondrepourl.com"
version = "0"

