
[root]
name = "masonLA"
compopts = "--ccflags -openblas --ccflags -llapack --ccflags -w"
version = "0.1.0"
chplVersion = "1.18.0..1.18.0"

[external]

[external.openblas]
name = "openblas"
compiler = "gcc"
version = "0.2.20"
libs = "/Users/spartee/.mason/spack/opt/spack/darwin-sierra-x86_64/gcc-8.1.0/openblas-0.2.20-btofrthi6uvbkr6nxihksesh337spbn6/lib"
include = "/Users/spartee/.mason/spack/opt/spack/darwin-sierra-x86_64/gcc-8.1.0/openblas-0.2.20-btofrthi6uvbkr6nxihksesh337spbn6/include"


